
Microsoft Visual Studio Solution File, Format Version 12.00
# Visual Studio Version 18
VisualStudioVersion = 18.5.11612.153
MinimumVisualStudioVersion = 10.0.40219.1
Project("{FAE04EC0-301F-11D3-BF4B-00C04F79EFBC}") = "simplebiztoolkit-api", "simplebiztoolkit-api.csproj", "{968B4314-055C-D017-EBB6-76E44613206C}"
EndProject
Global
	GlobalSection(SolutionConfigurationPlatforms) = preSolution
		Debug|Any CPU = Debug|Any CPU
		Release|Any CPU = Release|Any CPU
	EndGlobalSection
	GlobalSection(ProjectConfigurationPlatforms) = postSolution
		{968B4314-055C-D017-EBB6-76E44613206C}.Debug|Any CPU.ActiveCfg = Debug|Any CPU
		{968B4314-055C-D017-EBB6-76E44613206C}.Debug|Any CPU.Build.0 = Debug|Any CPU
		{968B4314-055C-D017-EBB6-76E44613206C}.Release|Any CPU.ActiveCfg = Release|Any CPU
		{968B4314-055C-D017-EBB6-76E44613206C}.Release|Any CPU.Build.0 = Release|Any CPU
	EndGlobalSection
	GlobalSection(SolutionProperties) = preSolution
		HideSolutionNode = FALSE
	EndGlobalSection
	GlobalSection(ExtensibilityGlobals) = postSolution
		SolutionGuid = {D40E5424-C780-42ED-88AF-99FC1451E51B}
	EndGlobalSection
EndGlobal
